// !$*UTF8*$!
{
	archiveVersion = 1;
	classes = {
	};
	objectVersion = 56;
	objects = {

/* Begin PBXBuildFile section */
		731F3A542B08B6C800D94A61 /* SettingsRowView.swift in Sources */ = {isa = PBXBuildFile; fileRef = 731F3A532B08B6C800D94A61 /* SettingsRowView.swift */; };
		73B48FC42B03797E002796A2 /* OnboardingView.swift in Sources */ = {isa = PBXBuildFile; fileRef = 73B48FC32B03797E002796A2 /* OnboardingView.swift */; };
		73B48FC72B037B51002796A2 /* FruitModel.swift in Sources */ = {isa = PBXBuildFile; fileRef = 73B48FC62B037B51002796A2 /* FruitModel.swift */; };
		73B48FCA2B037C37002796A2 /* FruitData.swift in Sources */ = {isa = PBXBuildFile; fileRef = 73B48FC92B037C37002796A2 /* FruitData.swift */; };
		73B48FCC2B038768002796A2 /* FruitRowView.swift in Sources */ = {isa = PBXBuildFile; fileRef = 73B48FCB2B038768002796A2 /* FruitRowView.swift */; };
		73B48FCE2B039AB4002796A2 /* FruitDetailView.swift in Sources */ = {isa = PBXBuildFile; fileRef = 73B48FCD2B039AB4002796A2 /* FruitDetailView.swift */; };
		73B48FD02B03A1D8002796A2 /* FruitHeaderView.swift in Sources */ = {isa = PBXBuildFile; fileRef = 73B48FCF2B03A1D8002796A2 /* FruitHeaderView.swift */; };
		73B48FD22B03B6E8002796A2 /* SourceLinkView.swift in Sources */ = {isa = PBXBuildFile; fileRef = 73B48FD12B03B6E8002796A2 /* SourceLinkView.swift */; };
		73D6C5732B05432D004F747B /* FruitNutrientsView.swift in Sources */ = {isa = PBXBuildFile; fileRef = 73D6C5722B05432D004F747B /* FruitNutrientsView.swift */; };
		73D6C5752B0549CF004F747B /* SettingsView.swift in Sources */ = {isa = PBXBuildFile; fileRef = 73D6C5742B0549CF004F747B /* SettingsView.swift */; };
		73D6C5772B055C38004F747B /* SettingsLabelView.swift in Sources */ = {isa = PBXBuildFile; fileRef = 73D6C5762B055C38004F747B /* SettingsLabelView.swift */; };
		73E6C3E62A7B0CAA00EC8BA2 /* FructusApp.swift in Sources */ = {isa = PBXBuildFile; fileRef = 73E6C3E52A7B0CAA00EC8BA2 /* FructusApp.swift */; };
		73E6C3E82A7B0CAA00EC8BA2 /* ContentView.swift in Sources */ = {isa = PBXBuildFile; fileRef = 73E6C3E72A7B0CAA00EC8BA2 /* ContentView.swift */; };
		73E6C3EA2A7B0CAB00EC8BA2 /* Assets.xcassets in Resources */ = {isa = PBXBuildFile; fileRef = 73E6C3E92A7B0CAB00EC8BA2 /* Assets.xcassets */; };
		73E6C3ED2A7B0CAB00EC8BA2 /* Preview Assets.xcassets in Resources */ = {isa = PBXBuildFile; fileRef = 73E6C3EC2A7B0CAB00EC8BA2 /* Preview Assets.xcassets */; };
		73E6C3F62A7B9D6200EC8BA2 /* FruitCardView.swift in Sources */ = {isa = PBXBuildFile; fileRef = 73E6C3F52A7B9D6200EC8BA2 /* FruitCardView.swift */; };
		73E6C3F82A7BA21600EC8BA2 /* StartButtonView.swift in Sources */ = {isa = PBXBuildFile; fileRef = 73E6C3F72A7BA21600EC8BA2 /* StartButtonView.swift */; };
/* End PBXBuildFile section */

/* Begin PBXFileReference section */
		731F3A532B08B6C800D94A61 /* SettingsRowView.swift */ = {isa = PBXFileReference; lastKnownFileType = sourcecode.swift; path = SettingsRowView.swift; sourceTree = "<group>"; };
		73B48FC32B03797E002796A2 /* OnboardingView.swift */ = {isa = PBXFileReference; lastKnownFileType = sourcecode.swift; path = OnboardingView.swift; sourceTree = "<group>"; };
		73B48FC62B037B51002796A2 /* FruitModel.swift */ = {isa = PBXFileReference; lastKnownFileType = sourcecode.swift; path = FruitModel.swift; sourceTree = "<group>"; };
		73B48FC92B037C37002796A2 /* FruitData.swift */ = {isa = PBXFileReference; lastKnownFileType = sourcecode.swift; path = FruitData.swift; sourceTree = "<group>"; };
		73B48FCB2B038768002796A2 /* FruitRowView.swift */ = {isa = PBXFileReference; lastKnownFileType = sourcecode.swift; path = FruitRowView.swift; sourceTree = "<group>"; };
		73B48FCD2B039AB4002796A2 /* FruitDetailView.swift */ = {isa = PBXFileReference; lastKnownFileType = sourcecode.swift; path = FruitDetailView.swift; sourceTree = "<group>"; };
		73B48FCF2B03A1D8002796A2 /* FruitHeaderView.swift */ = {isa = PBXFileReference; lastKnownFileType = sourcecode.swift; path = FruitHeaderView.swift; sourceTree = "<group>"; };
		73B48FD12B03B6E8002796A2 /* SourceLinkView.swift */ = {isa = PBXFileReference; lastKnownFileType = sourcecode.swift; path = SourceLinkView.swift; sourceTree = "<group>"; };
		73D6C5722B05432D004F747B /* FruitNutrientsView.swift */ = {isa = PBXFileReference; lastKnownFileType = sourcecode.swift; path = FruitNutrientsView.swift; sourceTree = "<group>"; };
		73D6C5742B0549CF004F747B /* SettingsView.swift */ = {isa = PBXFileReference; lastKnownFileType = sourcecode.swift; path = SettingsView.swift; sourceTree = "<group>"; };
		73D6C5762B055C38004F747B /* SettingsLabelView.swift */ = {isa = PBXFileReference; lastKnownFileType = sourcecode.swift; path = SettingsLabelView.swift; sourceTree = "<group>"; };
		73E6C3E22A7B0CAA00EC8BA2 /* Fructus.app */ = {isa = PBXFileReference; explicitFileType = wrapper.application; includeInIndex = 0; path = Fructus.app; sourceTree = BUILT_PRODUCTS_DIR; };
		73E6C3E52A7B0CAA00EC8BA2 /* FructusApp.swift */ = {isa = PBXFileReference; lastKnownFileType = sourcecode.swift; path = FructusApp.swift; sourceTree = "<group>"; };
		73E6C3E72A7B0CAA00EC8BA2 /* ContentView.swift */ = {isa = PBXFileReference; lastKnownFileType = sourcecode.swift; path = ContentView.swift; sourceTree = "<group>"; };
		73E6C3E92A7B0CAB00EC8BA2 /* Assets.xcassets */ = {isa = PBXFileReference; lastKnownFileType = folder.assetcatalog; path = Assets.xcassets; sourceTree = "<group>"; };
		73E6C3EC2A7B0CAB00EC8BA2 /* Preview Assets.xcassets */ = {isa = PBXFileReference; lastKnownFileType = folder.assetcatalog; path = "Preview Assets.xcassets"; sourceTree = "<group>"; };
		73E6C3F52A7B9D6200EC8BA2 /* FruitCardView.swift */ = {isa = PBXFileReference; lastKnownFileType = sourcecode.swift; path = FruitCardView.swift; sourceTree = "<group>"; };
		73E6C3F72A7BA21600EC8BA2 /* StartButtonView.swift */ = {isa = PBXFileReference; lastKnownFileType = sourcecode.swift; path = StartButtonView.swift; sourceTree = "<group>"; };
/* End PBXFileReference section */

/* Begin PBXFrameworksBuildPhase section */
		73E6C3DF2A7B0CAA00EC8BA2 /* Frameworks */ = {
			isa = PBXFrameworksBuildPhase;
			buildActionMask = 2147483647;
			files = (
			);
			runOnlyForDeploymentPostprocessing = 0;
		};
/* End PBXFrameworksBuildPhase section */

/* Begin PBXGroup section */
		73B48FC52B037B2F002796A2 /* Model */ = {
			isa = PBXGroup;
			children = (
				73B48FC62B037B51002796A2 /* FruitModel.swift */,
			);
			path = Model;
			sourceTree = "<group>";
		};
		73B48FC82B037C23002796A2 /* Data */ = {
			isa = PBXGroup;
			children = (
				73B48FC92B037C37002796A2 /* FruitData.swift */,
			);
			path = Data;
			sourceTree = "<group>";
		};
		73E6C3D92A7B0CAA00EC8BA2 = {
			isa = PBXGroup;
			children = (
				73E6C3E42A7B0CAA00EC8BA2 /* Fructus */,
				73E6C3E32A7B0CAA00EC8BA2 /* Products */,
			);
			sourceTree = "<group>";
		};
		73E6C3E32A7B0CAA00EC8BA2 /* Products */ = {
			isa = PBXGroup;
			children = (
				73E6C3E22A7B0CAA00EC8BA2 /* Fructus.app */,
			);
			name = Products;
			sourceTree = "<group>";
		};
		73E6C3E42A7B0CAA00EC8BA2 /* Fructus */ = {
			isa = PBXGroup;
			children = (
				73E6C3F32A7B9C8C00EC8BA2 /* App */,
				73B48FC82B037C23002796A2 /* Data */,
				73B48FC52B037B2F002796A2 /* Model */,
				73E6C3F42A7B9D2B00EC8BA2 /* View */,
				73E6C3E92A7B0CAB00EC8BA2 /* Assets.xcassets */,
				73E6C3EB2A7B0CAB00EC8BA2 /* Preview Content */,
			);
			path = Fructus;
			sourceTree = "<group>";
		};
		73E6C3EB2A7B0CAB00EC8BA2 /* Preview Content */ = {
			isa = PBXGroup;
			children = (
				73E6C3EC2A7B0CAB00EC8BA2 /* Preview Assets.xcassets */,
			);
			path = "Preview Content";
			sourceTree = "<group>";
		};
		73E6C3F32A7B9C8C00EC8BA2 /* App */ = {
			isa = PBXGroup;
			children = (
				73E6C3E52A7B0CAA00EC8BA2 /* FructusApp.swift */,
				73E6C3E72A7B0CAA00EC8BA2 /* ContentView.swift */,
				73B48FC32B03797E002796A2 /* OnboardingView.swift */,
				73B48FCD2B039AB4002796A2 /* FruitDetailView.swift */,
				73D6C5742B0549CF004F747B /* SettingsView.swift */,
			);
			path = App;
			sourceTree = "<group>";
		};
		73E6C3F42A7B9D2B00EC8BA2 /* View */ = {
			isa = PBXGroup;
			children = (
				73E6C3F52A7B9D6200EC8BA2 /* FruitCardView.swift */,
				73E6C3F72A7BA21600EC8BA2 /* StartButtonView.swift */,
				73B48FCB2B038768002796A2 /* FruitRowView.swift */,
				73B48FCF2B03A1D8002796A2 /* FruitHeaderView.swift */,
				73B48FD12B03B6E8002796A2 /* SourceLinkView.swift */,
				73D6C5722B05432D004F747B /* FruitNutrientsView.swift */,
				73D6C5762B055C38004F747B /* SettingsLabelView.swift */,
				731F3A532B08B6C800D94A61 /* SettingsRowView.swift */,
			);
			path = View;
			sourceTree = "<group>";
		};
/* End PBXGroup section */

/* Begin PBXNativeTarget section */
		73E6C3E12A7B0CAA00EC8BA2 /* Fructus */ = {
			isa = PBXNativeTarget;
			buildConfigurationList = 73E6C3F02A7B0CAB00EC8BA2 /* Build configuration list for PBXNativeTarget "Fructus" */;
			buildPhases = (
				73E6C3DE2A7B0CAA00EC8BA2 /* Sources */,
				73E6C3DF2A7B0CAA00EC8BA2 /* Frameworks */,
				73E6C3E02A7B0CAA00EC8BA2 /* Resources */,
			);
			buildRules = (
			);
			dependencies = (
			);
			name = Fructus;
			productName = Fructus;
			productReference = 73E6C3E22A7B0CAA00EC8BA2 /* Fructus.app */;
			productType = "com.apple.product-type.application";
		};
/* End PBXNativeTarget section */

/* Begin PBXProject section */
		73E6C3DA2A7B0CAA00EC8BA2 /* Project object */ = {
			isa = PBXProject;
			attributes = {
				BuildIndependentTargetsInParallel = 1;
				LastSwiftUpdateCheck = 1430;
				LastUpgradeCheck = 1500;
				TargetAttributes = {
					73E6C3E12A7B0CAA00EC8BA2 = {
						CreatedOnToolsVersion = 14.3.1;
					};
				};
			};
			buildConfigurationList = 73E6C3DD2A7B0CAA00EC8BA2 /* Build configuration list for PBXProject "Fructus" */;
			compatibilityVersion = "Xcode 14.0";
			developmentRegion = en;
			hasScannedForEncodings = 0;
			knownRegions = (
				en,
				Base,
			);
			mainGroup = 73E6C3D92A7B0CAA00EC8BA2;
			productRefGroup = 73E6C3E32A7B0CAA00EC8BA2 /* Products */;
			projectDirPath = "";
			projectRoot = "";
			targets = (
				73E6C3E12A7B0CAA00EC8BA2 /* Fructus */,
			);
		};
/* End PBXProject section */

/* Begin PBXResourcesBuildPhase section */
		73E6C3E02A7B0CAA00EC8BA2 /* Resources */ = {
			isa = PBXResourcesBuildPhase;
			buildActionMask = 2147483647;
			files = (
				73E6C3ED2A7B0CAB00EC8BA2 /* Preview Assets.xcassets in Resources */,
				73E6C3EA2A7B0CAB00EC8BA2 /* Assets.xcassets in Resources */,
			);
			runOnlyForDeploymentPostprocessing = 0;
		};
/* End PBXResourcesBuildPhase section */

/* Begin PBXSourcesBuildPhase section */
		73E6C3DE2A7B0CAA00EC8BA2 /* Sources */ = {
			isa = PBXSourcesBuildPhase;
			buildActionMask = 2147483647;
			files = (
				73B48FCA2B037C37002796A2 /* FruitData.swift in Sources */,
				73B48FD22B03B6E8002796A2 /* SourceLinkView.swift in Sources */,
				731F3A542B08B6C800D94A61 /* SettingsRowView.swift in Sources */,
				73E6C3F62A7B9D6200EC8BA2 /* FruitCardView.swift in Sources */,
				73B48FCC2B038768002796A2 /* FruitRowView.swift in Sources */,
				73D6C5732B05432D004F747B /* FruitNutrientsView.swift in Sources */,
				73E6C3F82A7BA21600EC8BA2 /* StartButtonView.swift in Sources */,
				73B48FCE2B039AB4002796A2 /* FruitDetailView.swift in Sources */,
				73E6C3E82A7B0CAA00EC8BA2 /* ContentView.swift in Sources */,
				73B48FD02B03A1D8002796A2 /* FruitHeaderView.swift in Sources */,
				73B48FC42B03797E002796A2 /* OnboardingView.swift in Sources */,
				73D6C5772B055C38004F747B /* SettingsLabelView.swift in Sources */,
				73B48FC72B037B51002796A2 /* FruitModel.swift in Sources */,
				73E6C3E62A7B0CAA00EC8BA2 /* FructusApp.swift in Sources */,
				73D6C5752B0549CF004F747B /* SettingsView.swift in Sources */,
			);
			runOnlyForDeploymentPostprocessing = 0;
		};
/* End PBXSourcesBuildPhase section */

/* Begin XCBuildConfiguration section */
		73E6C3EE2A7B0CAB00EC8BA2 /* Debug */ = {
			isa = XCBuildConfiguration;
			buildSettings = {
				ALWAYS_SEARCH_USER_PATHS = NO;
				CLANG_ANALYZER_NONNULL = YES;
				CLANG_ANALYZER_NUMBER_OBJECT_CONVERSION = YES_AGGRESSIVE;
				CLANG_CXX_LANGUAGE_STANDARD = "gnu++20";
				CLANG_ENABLE_MODULES = YES;
				CLANG_ENABLE_OBJC_ARC = YES;
				CLANG_ENABLE_OBJC_WEAK = YES;
				CLANG_WARN_BLOCK_CAPTURE_AUTORELEASING = YES;
				CLANG_WARN_BOOL_CONVERSION = YES;
				CLANG_WARN_COMMA = YES;
				CLANG_WARN_CONSTANT_CONVERSION = YES;
				CLANG_WARN_DEPRECATED_OBJC_IMPLEMENTATIONS = YES;
				CLANG_WARN_DIRECT_OBJC_ISA_USAGE = YES_ERROR;
				CLANG_WARN_DOCUMENTATION_COMMENTS = YES;
				CLANG_WARN_EMPTY_BODY = YES;
				CLANG_WARN_ENUM_CONVERSION = YES;
				CLANG_WARN_INFINITE_RECURSION = YES;
				CLANG_WARN_INT_CONVERSION = YES;
				CLANG_WARN_NON_LITERAL_NULL_CONVERSION = YES;
				CLANG_WARN_OBJC_IMPLICIT_RETAIN_SELF = YES;
				CLANG_WARN_OBJC_LITERAL_CONVERSION = YES;
				CLANG_WARN_OBJC_ROOT_CLASS = YES_ERROR;
				CLANG_WARN_QUOTED_INCLUDE_IN_FRAMEWORK_HEADER = YES;
				CLANG_WARN_RANGE_LOOP_ANALYSIS = YES;
				CLANG_WARN_STRICT_PROTOTYPES = YES;
				CLANG_WARN_SUSPICIOUS_MOVE = YES;
				CLANG_WARN_UNGUARDED_AVAILABILITY = YES_AGGRESSIVE;
				CLANG_WARN_UNREACHABLE_CODE = YES;
				CLANG_WARN__DUPLICATE_METHOD_MATCH = YES;
				COPY_PHASE_STRIP = NO;
				DEBUG_INFORMATION_FORMAT = dwarf;
				ENABLE_STRICT_OBJC_MSGSEND = YES;
				ENABLE_TESTABILITY = YES;
				ENABLE_USER_SCRIPT_SANDBOXING = YES;
				GCC_C_LANGUAGE_STANDARD = gnu11;
				GCC_DYNAMIC_NO_PIC = NO;
				GCC_NO_COMMON_BLOCKS = YES;
				GCC_OPTIMIZATION_LEVEL = 0;
				GCC_PREPROCESSOR_DEFINITIONS = (
					"DEBUG=1",
					"$(inherited)",
				);
				GCC_WARN_64_TO_32_BIT_CONVERSION = YES;
				GCC_WARN_ABOUT_RETURN_TYPE = YES_ERROR;
				GCC_WARN_UNDECLARED_SELECTOR = YES;
				GCC_WARN_UNINITIALIZED_AUTOS = YES_AGGRESSIVE;
				GCC_WARN_UNUSED_FUNCTION = YES;
				GCC_WARN_UNUSED_VARIABLE = YES;
				IPHONEOS_DEPLOYMENT_TARGET = 16.4;
				MTL_ENABLE_DEBUG_INFO = INCLUDE_SOURCE;
				MTL_FAST_MATH = YES;
				ONLY_ACTIVE_ARCH = YES;
				SDKROOT = iphoneos;
				SWIFT_ACTIVE_COMPILATION_CONDITIONS = DEBUG;
				SWIFT_OPTIMIZATION_LEVEL = "-Onone";
			};
			name = Debug;
		};
		73E6C3EF2A7B0CAB00EC8BA2 /* Release */ = {
			isa = XCBuildConfiguration;
			buildSettings = {
				ALWAYS_SEARCH_USER_PATHS = NO;
				CLANG_ANALYZER_NONNULL = YES;
				CLANG_ANALYZER_NUMBER_OBJECT_CONVERSION = YES_AGGRESSIVE;
				CLANG_CXX_LANGUAGE_STANDARD = "gnu++20";
				CLANG_ENABLE_MODULES = YES;
				CLANG_ENABLE_OBJC_ARC = YES;
				CLANG_ENABLE_OBJC_WEAK = YES;
				CLANG_WARN_BLOCK_CAPTURE_AUTORELEASING = YES;
				CLANG_WARN_BOOL_CONVERSION = YES;
				CLANG_WARN_COMMA = YES;
				CLANG_WARN_CONSTANT_CONVERSION = YES;
				CLANG_WARN_DEPRECATED_OBJC_IMPLEMENTATIONS = YES;
				CLANG_WARN_DIRECT_OBJC_ISA_USAGE = YES_ERROR;
				CLANG_WARN_DOCUMENTATION_COMMENTS = YES;
				CLANG_WARN_EMPTY_BODY = YES;
				CLANG_WARN_ENUM_CONVERSION = YES;
				CLANG_WARN_INFINITE_RECURSION = YES;
				CLANG_WARN_INT_CONVERSION = YES;
				CLANG_WARN_NON_LITERAL_NULL_CONVERSION = YES;
				CLANG_WARN_OBJC_IMPLICIT_RETAIN_SELF = YES;
				CLANG_WARN_OBJC_LITERAL_CONVERSION = YES;
				CLANG_WARN_OBJC_ROOT_CLASS = YES_ERROR;
				CLANG_WARN_QUOTED_INCLUDE_IN_FRAMEWORK_HEADER = YES;
				CLANG_WARN_RANGE_LOOP_ANALYSIS = YES;
				CLANG_WARN_STRICT_PROTOTYPES = YES;
				CLANG_WARN_SUSPICIOUS_MOVE = YES;
				CLANG_WARN_UNGUARDED_AVAILABILITY = YES_AGGRESSIVE;
				CLANG_WARN_UNREACHABLE_CODE = YES;
				CLANG_WARN__DUPLICATE_METHOD_MATCH = YES;
				COPY_PHASE_STRIP = NO;
				DEBUG_INFORMATION_FORMAT = "dwarf-with-dsym";
				ENABLE_NS_ASSERTIONS = NO;
				ENABLE_STRICT_OBJC_MSGSEND = YES;
				ENABLE_USER_SCRIPT_SANDBOXING = YES;
				GCC_C_LANGUAGE_STANDARD = gnu11;
				GCC_NO_COMMON_BLOCKS = YES;
				GCC_WARN_64_TO_32_BIT_CONVERSION = YES;
				GCC_WARN_ABOUT_RETURN_TYPE = YES_ERROR;
				GCC_WARN_UNDECLARED_SELECTOR = YES;
				GCC_WARN_UNINITIALIZED_AUTOS = YES_AGGRESSIVE;
				GCC_WARN_UNUSED_FUNCTION = YES;
				GCC_WARN_UNUSED_VARIABLE = YES;
				IPHONEOS_DEPLOYMENT_TARGET = 16.4;
				MTL_ENABLE_DEBUG_INFO = NO;
				MTL_FAST_MATH = YES;
				SDKROOT = iphoneos;
				SWIFT_COMPILATION_MODE = wholemodule;
				SWIFT_OPTIMIZATION_LEVEL = "-O";
				VALIDATE_PRODUCT = YES;
			};
			name = Release;
		};
		73E6C3F12A7B0CAB00EC8BA2 /* Debug */ = {
			isa = XCBuildConfiguration;
			buildSettings = {
				ASSETCATALOG_COMPILER_APPICON_NAME = AppIcon;
				ASSETCATALOG_COMPILER_GLOBAL_ACCENT_COLOR_NAME = AccentColor;
				CODE_SIGN_STYLE = Automatic;
				CURRENT_PROJECT_VERSION = 1;
				DEVELOPMENT_ASSET_PATHS = "\"Fructus/Preview Content\"";
				DEVELOPMENT_TEAM = HA4N3Z96QZ;
				ENABLE_PREVIEWS = YES;
				GENERATE_INFOPLIST_FILE = YES;
				INFOPLIST_KEY_UIApplicationSceneManifest_Generation = YES;
				INFOPLIST_KEY_UIApplicationSupportsIndirectInputEvents = YES;
				INFOPLIST_KEY_UILaunchScreen_Generation = YES;
				INFOPLIST_KEY_UISupportedInterfaceOrientations = UIInterfaceOrientationPortrait;
				INFOPLIST_KEY_UISupportedInterfaceOrientations_iPad = "UIInterfaceOrientationLandscapeLeft UIInterfaceOrientationLandscapeRight UIInterfaceOrientationPortrait UIInterfaceOrientationPortraitUpsideDown";
				LD_RUNPATH_SEARCH_PATHS = (
					"$(inherited)",
					"@executable_path/Frameworks",
				);
				MARKETING_VERSION = 1.0;
				PRODUCT_BUNDLE_IDENTIFIER = com.furkanyildiz.Fructus;
				PRODUCT_NAME = "$(TARGET_NAME)";
				SWIFT_EMIT_LOC_STRINGS = YES;
				SWIFT_VERSION = 5.0;
				TARGETED_DEVICE_FAMILY = "1,2";
			};
			name = Debug;
		};
		73E6C3F22A7B0CAB00EC8BA2 /* Release */ = {
			isa = XCBuildConfiguration;
			buildSettings = {
				ASSETCATALOG_COMPILER_APPICON_NAME = AppIcon;
				ASSETCATALOG_COMPILER_GLOBAL_ACCENT_COLOR_NAME = AccentColor;
				CODE_SIGN_STYLE = Automatic;
				CURRENT_PROJECT_VERSION = 1;
				DEVELOPMENT_ASSET_PATHS = "\"Fructus/Preview Content\"";
				DEVELOPMENT_TEAM = HA4N3Z96QZ;
				ENABLE_PREVIEWS = YES;
				GENERATE_INFOPLIST_FILE = YES;
				INFOPLIST_KEY_UIApplicationSceneManifest_Generation = YES;
				INFOPLIST_KEY_UIApplicationSupportsIndirectInputEvents = YES;
				INFOPLIST_KEY_UILaunchScreen_Generation = YES;
				INFOPLIST_KEY_UISupportedInterfaceOrientations = UIInterfaceOrientationPortrait;
				INFOPLIST_KEY_UISupportedInterfaceOrientations_iPad = "UIInterfaceOrientationLandscapeLeft UIInterfaceOrientationLandscapeRight UIInterfaceOrientationPortrait UIInterfaceOrientationPortraitUpsideDown";
				LD_RUNPATH_SEARCH_PATHS = (
					"$(inherited)",
					"@executable_path/Frameworks",
				);
				MARKETING_VERSION = 1.0;
				PRODUCT_BUNDLE_IDENTIFIER = com.furkanyildiz.Fructus;
				PRODUCT_NAME = "$(TARGET_NAME)";
				SWIFT_EMIT_LOC_STRINGS = YES;
				SWIFT_VERSION = 5.0;
				TARGETED_DEVICE_FAMILY = "1,2";
			};
			name = Release;
		};
/* End XCBuildConfiguration section */

/* Begin XCConfigurationList section */
		73E6C3DD2A7B0CAA00EC8BA2 /* Build configuration list for PBXProject "Fructus" */ = {
			isa = XCConfigurationList;
			buildConfigurations = (
				73E6C3EE2A7B0CAB00EC8BA2 /* Debug */,
				73E6C3EF2A7B0CAB00EC8BA2 /* Release */,
			);
			defaultConfigurationIsVisible = 0;
			defaultConfigurationName = Release;
		};
		73E6C3F02A7B0CAB00EC8BA2 /* Build configuration list for PBXNativeTarget "Fructus" */ = {
			isa = XCConfigurationList;
			buildConfigurations = (
				73E6C3F12A7B0CAB00EC8BA2 /* Debug */,
				73E6C3F22A7B0CAB00EC8BA2 /* Release */,
			);
			defaultConfigurationIsVisible = 0;
			defaultConfigurationName = Release;
		};
/* End XCConfigurationList section */
	};
	rootObject = 73E6C3DA2A7B0CAA00EC8BA2 /* Project object */;
}
